
Microsoft Visual Studio Solution File, Format Version 12.00
# Visual Studio Version 17
VisualStudioVersion = 17.0.31903.59
MinimumVisualStudioVersion = 10.0.40219.1
Project("{2150E333-8FDC-42A3-9474-1A3956D46DE8}") = "src", "src", "{827E0CD3-B72D-47B6-A68D-7590B98EB39B}"
EndProject
Project("{2150E333-8FDC-42A3-9474-1A3956D46DE8}") = "Core", "Core", "{8D626EA8-CB54-BC41-363A-217881BEBA6E}"
EndProject
Project("{FAE04EC0-301F-11D3-BF4B-00C04F79EFBC}") = "CardiTrack.Domain", "src\Core\CardiTrack.Domain\CardiTrack.Domain.csproj", "{503D2650-5229-42CD-9E0C-3B9F3B5A5F3C}"
EndProject
Project("{FAE04EC0-301F-11D3-BF4B-00C04F79EFBC}") = "CardiTrack.Application", "src\Core\CardiTrack.Application\CardiTrack.Application.csproj", "{AB9B3E30-E8D4-4D12-B9A8-0E8D3E889A6E}"
EndProject
Project("{2150E333-8FDC-42A3-9474-1A3956D46DE8}") = "Infrastructure", "Infrastructure", "{9048EB7F-3875-A59E-E36B-5BD4C6F2A282}"
EndProject
Project("{FAE04EC0-301F-11D3-BF4B-00C04F79EFBC}") = "CardiTrack.Infrastructure", "src\Infrastructure\CardiTrack.Infrastructure\CardiTrack.Infrastructure.csproj", "{62F7360B-6303-43AD-8FC9-FE9FD806D5F7}"
EndProject
Project("{FAE04EC0-301F-11D3-BF4B-00C04F79EFBC}") = "CardiTrack.Shared", "src\Infrastructure\CardiTrack.Shared\CardiTrack.Shared.csproj", "{45EAFF24-E361-45A4-9C24-C02686C5E83F}"
EndProject
Project("{2150E333-8FDC-42A3-9474-1A3956D46DE8}") = "Presentation", "Presentation", "{6996BBF7-DB31-59BC-C7DD-9A7CCC6138C4}"
EndProject
Project("{FAE04EC0-301F-11D3-BF4B-00C04F79EFBC}") = "CardiTrack.API", "src\Presentation\CardiTrack.API\CardiTrack.API.csproj", "{88408967-746B-4E2B-8074-7C9A1A34270B}"
EndProject
Project("{FAE04EC0-301F-11D3-BF4B-00C04F79EFBC}") = "CardiTrack.Web", "src\Presentation\CardiTrack.Web\CardiTrack.Web.csproj", "{A7FAFA2F-CC15-42C2-B5D0-025B20964ED7}"
EndProject
Project("{FAE04EC0-301F-11D3-BF4B-00C04F79EFBC}") = "CardiTrack.Mobile", "src\Presentation\CardiTrack.Mobile\CardiTrack.Mobile.csproj", "{99E87E67-A304-4502-97A9-974C644AA24E}"
EndProject
Project("{2150E333-8FDC-42A3-9474-1A3956D46DE8}") = "Functions", "Functions", "{8ACE4114-8886-9720-B387-343844A27A5F}"
EndProject
Project("{FAE04EC0-301F-11D3-BF4B-00C04F79EFBC}") = "CardiTrack.Functions", "src\Functions\CardiTrack.Functions\CardiTrack.Functions.csproj", "{F3609AF3-5899-4FF6-BE5E-83A9D94FC2C4}"
EndProject
Project("{2150E333-8FDC-42A3-9474-1A3956D46DE8}") = "tests", "tests", "{0AB3BF05-4346-4AA6-1389-037BE0695223}"
EndProject
Project("{FAE04EC0-301F-11D3-BF4B-00C04F79EFBC}") = "CardiTrack.UnitTests", "tests\CardiTrack.UnitTests\CardiTrack.UnitTests.csproj", "{EB3E4C9C-0FA1-44A8-BC06-6992E067F5E6}"
EndProject
Project("{FAE04EC0-301F-11D3-BF4B-00C04F79EFBC}") = "CardiTrack.IntegrationTests", "tests\CardiTrack.IntegrationTests\CardiTrack.IntegrationTests.csproj", "{0DE14DC3-BABA-40D4-B74F-7E8CB50894CA}"
EndProject
Project("{FAE04EC0-301F-11D3-BF4B-00C04F79EFBC}") = "CardiTrack.E2ETests", "tests\CardiTrack.E2ETests\CardiTrack.E2ETests.csproj", "{637F0ED1-9625-42F8-BC49-493384B7C122}"
EndProject
Global
	GlobalSection(SolutionConfigurationPlatforms) = preSolution
		Debug|Any CPU = Debug|Any CPU
		Debug|x64 = Debug|x64
		Debug|x86 = Debug|x86
		Release|Any CPU = Release|Any CPU
		Release|x64 = Release|x64
		Release|x86 = Release|x86
	EndGlobalSection
	GlobalSection(ProjectConfigurationPlatforms) = postSolution
		{503D2650-5229-42CD-9E0C-3B9F3B5A5F3C}.Debug|Any CPU.ActiveCfg = Debug|Any CPU
		{503D2650-5229-42CD-9E0C-3B9F3B5A5F3C}.Debug|Any CPU.Build.0 = Debug|Any CPU
		{503D2650-5229-42CD-9E0C-3B9F3B5A5F3C}.Debug|x64.ActiveCfg = Debug|Any CPU
		{503D2650-5229-42CD-9E0C-3B9F3B5A5F3C}.Debug|x64.Build.0 = Debug|Any CPU
		{503D2650-5229-42CD-9E0C-3B9F3B5A5F3C}.Debug|x86.ActiveCfg = Debug|Any CPU
		{503D2650-5229-42CD-9E0C-3B9F3B5A5F3C}.Debug|x86.Build.0 = Debug|Any CPU
		{503D2650-5229-42CD-9E0C-3B9F3B5A5F3C}.Release|Any CPU.ActiveCfg = Release|Any CPU
		{503D2650-5229-42CD-9E0C-3B9F3B5A5F3C}.Release|Any CPU.Build.0 = Release|Any CPU
		{503D2650-5229-42CD-9E0C-3B9F3B5A5F3C}.Release|x64.ActiveCfg = Release|Any CPU
		{503D2650-5229-42CD-9E0C-3B9F3B5A5F3C}.Release|x64.Build.0 = Release|Any CPU
		{503D2650-5229-42CD-9E0C-3B9F3B5A5F3C}.Release|x86.ActiveCfg = Release|Any CPU
		{503D2650-5229-42CD-9E0C-3B9F3B5A5F3C}.Release|x86.Build.0 = Release|Any CPU
		{AB9B3E30-E8D4-4D12-B9A8-0E8D3E889A6E}.Debug|Any CPU.ActiveCfg = Debug|Any CPU
		{AB9B3E30-E8D4-4D12-B9A8-0E8D3E889A6E}.Debug|Any CPU.Build.0 = Debug|Any CPU
		{AB9B3E30-E8D4-4D12-B9A8-0E8D3E889A6E}.Debug|x64.ActiveCfg = Debug|Any CPU
		{AB9B3E30-E8D4-4D12-B9A8-0E8D3E889A6E}.Debug|x64.Build.0 = Debug|Any CPU
		{AB9B3E30-E8D4-4D12-B9A8-0E8D3E889A6E}.Debug|x86.ActiveCfg = Debug|Any CPU
		{AB9B3E30-E8D4-4D12-B9A8-0E8D3E889A6E}.Debug|x86.Build.0 = Debug|Any CPU
		{AB9B3E30-E8D4-4D12-B9A8-0E8D3E889A6E}.Release|Any CPU.ActiveCfg = Release|Any CPU
		{AB9B3E30-E8D4-4D12-B9A8-0E8D3E889A6E}.Release|Any CPU.Build.0 = Release|Any CPU
		{AB9B3E30-E8D4-4D12-B9A8-0E8D3E889A6E}.Release|x64.ActiveCfg = Release|Any CPU
		{AB9B3E30-E8D4-4D12-B9A8-0E8D3E889A6E}.Release|x64.Build.0 = Release|Any CPU
		{AB9B3E30-E8D4-4D12-B9A8-0E8D3E889A6E}.Release|x86.ActiveCfg = Release|Any CPU
		{AB9B3E30-E8D4-4D12-B9A8-0E8D3E889A6E}.Release|x86.Build.0 = Release|Any CPU
		{62F7360B-6303-43AD-8FC9-FE9FD806D5F7}.Debug|Any CPU.ActiveCfg = Debug|Any CPU
		{62F7360B-6303-43AD-8FC9-FE9FD806D5F7}.Debug|Any CPU.Build.0 = Debug|Any CPU
		{62F7360B-6303-43AD-8FC9-FE9FD806D5F7}.Debug|x64.ActiveCfg = Debug|Any CPU
		{62F7360B-6303-43AD-8FC9-FE9FD806D5F7}.Debug|x64.Build.0 = Debug|Any CPU
		{62F7360B-6303-43AD-8FC9-FE9FD806D5F7}.Debug|x86.ActiveCfg = Debug|Any CPU
		{62F7360B-6303-43AD-8FC9-FE9FD806D5F7}.Debug|x86.Build.0 = Debug|Any CPU
		{62F7360B-6303-43AD-8FC9-FE9FD806D5F7}.Release|Any CPU.ActiveCfg = Release|Any CPU
		{62F7360B-6303-43AD-8FC9-FE9FD806D5F7}.Release|Any CPU.Build.0 = Release|Any CPU
		{62F7360B-6303-43AD-8FC9-FE9FD806D5F7}.Release|x64.ActiveCfg = Release|Any CPU
		{62F7360B-6303-43AD-8FC9-FE9FD806D5F7}.Release|x64.Build.0 = Release|Any CPU
		{62F7360B-6303-43AD-8FC9-FE9FD806D5F7}.Release|x86.ActiveCfg = Release|Any CPU
		{62F7360B-6303-43AD-8FC9-FE9FD806D5F7}.Release|x86.Build.0 = Release|Any CPU
		{45EAFF24-E361-45A4-9C24-C02686C5E83F}.Debug|Any CPU.ActiveCfg = Debug|Any CPU
		{45EAFF24-E361-45A4-9C24-C02686C5E83F}.Debug|Any CPU.Build.0 = Debug|Any CPU
		{45EAFF24-E361-45A4-9C24-C02686C5E83F}.Debug|x64.ActiveCfg = Debug|Any CPU
		{45EAFF24-E361-45A4-9C24-C02686C5E83F}.Debug|x64.Build.0 = Debug|Any CPU
		{45EAFF24-E361-45A4-9C24-C02686C5E83F}.Debug|x86.ActiveCfg = Debug|Any CPU
		{45EAFF24-E361-45A4-9C24-C02686C5E83F}.Debug|x86.Build.0 = Debug|Any CPU
		{45EAFF24-E361-45A4-9C24-C02686C5E83F}.Release|Any CPU.ActiveCfg = Release|Any CPU
		{45EAFF24-E361-45A4-9C24-C02686C5E83F}.Release|Any CPU.Build.0 = Release|Any CPU
		{45EAFF24-E361-45A4-9C24-C02686C5E83F}.Release|x64.ActiveCfg = Release|Any CPU
		{45EAFF24-E361-45A4-9C24-C02686C5E83F}.Release|x64.Build.0 = Release|Any CPU
		{45EAFF24-E361-45A4-9C24-C02686C5E83F}.Release|x86.ActiveCfg = Release|Any CPU
		{45EAFF24-E361-45A4-9C24-C02686C5E83F}.Release|x86.Build.0 = Release|Any CPU
		{88408967-746B-4E2B-8074-7C9A1A34270B}.Debug|Any CPU.ActiveCfg = Debug|Any CPU
		{88408967-746B-4E2B-8074-7C9A1A34270B}.Debug|Any CPU.Build.0 = Debug|Any CPU
		{88408967-746B-4E2B-8074-7C9A1A34270B}.Debug|x64.ActiveCfg = Debug|Any CPU
		{88408967-746B-4E2B-8074-7C9A1A34270B}.Debug|x64.Build.0 = Debug|Any CPU
		{88408967-746B-4E2B-8074-7C9A1A34270B}.Debug|x86.ActiveCfg = Debug|Any CPU
		{88408967-746B-4E2B-8074-7C9A1A34270B}.Debug|x86.Build.0 = Debug|Any CPU
		{88408967-746B-4E2B-8074-7C9A1A34270B}.Release|Any CPU.ActiveCfg = Release|Any CPU
		{88408967-746B-4E2B-8074-7C9A1A34270B}.Release|Any CPU.Build.0 = Release|Any CPU
		{88408967-746B-4E2B-8074-7C9A1A34270B}.Release|x64.ActiveCfg = Release|Any CPU
		{88408967-746B-4E2B-8074-7C9A1A34270B}.Release|x64.Build.0 = Release|Any CPU
		{88408967-746B-4E2B-8074-7C9A1A34270B}.Release|x86.ActiveCfg = Release|Any CPU
		{88408967-746B-4E2B-8074-7C9A1A34270B}.Release|x86.Build.0 = Release|Any CPU
		{A7FAFA2F-CC15-42C2-B5D0-025B20964ED7}.Debug|Any CPU.ActiveCfg = Debug|Any CPU
		{A7FAFA2F-CC15-42C2-B5D0-025B20964ED7}.Debug|Any CPU.Build.0 = Debug|Any CPU
		{A7FAFA2F-CC15-42C2-B5D0-025B20964ED7}.Debug|x64.ActiveCfg = Debug|Any CPU
		{A7FAFA2F-CC15-42C2-B5D0-025B20964ED7}.Debug|x64.Build.0 = Debug|Any CPU
		{A7FAFA2F-CC15-42C2-B5D0-025B20964ED7}.Debug|x86.ActiveCfg = Debug|Any CPU
		{A7FAFA2F-CC15-42C2-B5D0-025B20964ED7}.Debug|x86.Build.0 = Debug|Any CPU
		{A7FAFA2F-CC15-42C2-B5D0-025B20964ED7}.Release|Any CPU.ActiveCfg = Release|Any CPU
		{A7FAFA2F-CC15-42C2-B5D0-025B20964ED7}.Release|Any CPU.Build.0 = Release|Any CPU
		{A7FAFA2F-CC15-42C2-B5D0-025B20964ED7}.Release|x64.ActiveCfg = Release|Any CPU
		{A7FAFA2F-CC15-42C2-B5D0-025B20964ED7}.Release|x64.Build.0 = Release|Any CPU
		{A7FAFA2F-CC15-42C2-B5D0-025B20964ED7}.Release|x86.ActiveCfg = Release|Any CPU
		{A7FAFA2F-CC15-42C2-B5D0-025B20964ED7}.Release|x86.Build.0 = Release|Any CPU
		{99E87E67-A304-4502-97A9-974C644AA24E}.Debug|Any CPU.ActiveCfg = Debug|Any CPU
		{99E87E67-A304-4502-97A9-974C644AA24E}.Debug|Any CPU.Build.0 = Debug|Any CPU
		{99E87E67-A304-4502-97A9-974C644AA24E}.Debug|x64.ActiveCfg = Debug|Any CPU
		{99E87E67-A304-4502-97A9-974C644AA24E}.Debug|x64.Build.0 = Debug|Any CPU
		{99E87E67-A304-4502-97A9-974C644AA24E}.Debug|x86.ActiveCfg = Debug|Any CPU
		{99E87E67-A304-4502-97A9-974C644AA24E}.Debug|x86.Build.0 = Debug|Any CPU
		{99E87E67-A304-4502-97A9-974C644AA24E}.Release|Any CPU.ActiveCfg = Release|Any CPU
		{99E87E67-A304-4502-97A9-974C644AA24E}.Release|Any CPU.Build.0 = Release|Any CPU
		{99E87E67-A304-4502-97A9-974C644AA24E}.Release|x64.ActiveCfg = Release|Any CPU
		{99E87E67-A304-4502-97A9-974C644AA24E}.Release|x64.Build.0 = Release|Any CPU
		{99E87E67-A304-4502-97A9-974C644AA24E}.Release|x86.ActiveCfg = Release|Any CPU
		{99E87E67-A304-4502-97A9-974C644AA24E}.Release|x86.Build.0 = Release|Any CPU
		{F3609AF3-5899-4FF6-BE5E-83A9D94FC2C4}.Debug|Any CPU.ActiveCfg = Debug|Any CPU
		{F3609AF3-5899-4FF6-BE5E-83A9D94FC2C4}.Debug|Any CPU.Build.0 = Debug|Any CPU
		{F3609AF3-5899-4FF6-BE5E-83A9D94FC2C4}.Debug|x64.ActiveCfg = Debug|Any CPU
		{F3609AF3-5899-4FF6-BE5E-83A9D94FC2C4}.Debug|x64.Build.0 = Debug|Any CPU
		{F3609AF3-5899-4FF6-BE5E-83A9D94FC2C4}.Debug|x86.ActiveCfg = Debug|Any CPU
		{F3609AF3-5899-4FF6-BE5E-83A9D94FC2C4}.Debug|x86.Build.0 = Debug|Any CPU
		{F3609AF3-5899-4FF6-BE5E-83A9D94FC2C4}.Release|Any CPU.ActiveCfg = Release|Any CPU
		{F3609AF3-5899-4FF6-BE5E-83A9D94FC2C4}.Release|Any CPU.Build.0 = Release|Any CPU
		{F3609AF3-5899-4FF6-BE5E-83A9D94FC2C4}.Release|x64.ActiveCfg = Release|Any CPU
		{F3609AF3-5899-4FF6-BE5E-83A9D94FC2C4}.Release|x64.Build.0 = Release|Any CPU
		{F3609AF3-5899-4FF6-BE5E-83A9D94FC2C4}.Release|x86.ActiveCfg = Release|Any CPU
		{F3609AF3-5899-4FF6-BE5E-83A9D94FC2C4}.Release|x86.Build.0 = Release|Any CPU
		{EB3E4C9C-0FA1-44A8-BC06-6992E067F5E6}.Debug|Any CPU.ActiveCfg = Debug|Any CPU
		{EB3E4C9C-0FA1-44A8-BC06-6992E067F5E6}.Debug|Any CPU.Build.0 = Debug|Any CPU
		{EB3E4C9C-0FA1-44A8-BC06-6992E067F5E6}.Debug|x64.ActiveCfg = Debug|Any CPU
		{EB3E4C9C-0FA1-44A8-BC06-6992E067F5E6}.Debug|x64.Build.0 = Debug|Any CPU
		{EB3E4C9C-0FA1-44A8-BC06-6992E067F5E6}.Debug|x86.ActiveCfg = Debug|Any CPU
		{EB3E4C9C-0FA1-44A8-BC06-6992E067F5E6}.Debug|x86.Build.0 = Debug|Any CPU
		{EB3E4C9C-0FA1-44A8-BC06-6992E067F5E6}.Release|Any CPU.ActiveCfg = Release|Any CPU
		{EB3E4C9C-0FA1-44A8-BC06-6992E067F5E6}.Release|Any CPU.Build.0 = Release|Any CPU
		{EB3E4C9C-0FA1-44A8-BC06-6992E067F5E6}.Release|x64.ActiveCfg = Release|Any CPU
		{EB3E4C9C-0FA1-44A8-BC06-6992E067F5E6}.Release|x64.Build.0 = Release|Any CPU
		{EB3E4C9C-0FA1-44A8-BC06-6992E067F5E6}.Release|x86.ActiveCfg = Release|Any CPU
		{EB3E4C9C-0FA1-44A8-BC06-6992E067F5E6}.Release|x86.Build.0 = Release|Any CPU
		{0DE14DC3-BABA-40D4-B74F-7E8CB50894CA}.Debug|Any CPU.ActiveCfg = Debug|Any CPU
		{0DE14DC3-BABA-40D4-B74F-7E8CB50894CA}.Debug|Any CPU.Build.0 = Debug|Any CPU
		{0DE14DC3-BABA-40D4-B74F-7E8CB50894CA}.Debug|x64.ActiveCfg = Debug|Any CPU
		{0DE14DC3-BABA-40D4-B74F-7E8CB50894CA}.Debug|x64.Build.0 = Debug|Any CPU
		{0DE14DC3-BABA-40D4-B74F-7E8CB50894CA}.Debug|x86.ActiveCfg = Debug|Any CPU
		{0DE14DC3-BABA-40D4-B74F-7E8CB50894CA}.Debug|x86.Build.0 = Debug|Any CPU
		{0DE14DC3-BABA-40D4-B74F-7E8CB50894CA}.Release|Any CPU.ActiveCfg = Release|Any CPU
		{0DE14DC3-BABA-40D4-B74F-7E8CB50894CA}.Release|Any CPU.Build.0 = Release|Any CPU
		{0DE14DC3-BABA-40D4-B74F-7E8CB50894CA}.Release|x64.ActiveCfg = Release|Any CPU
		{0DE14DC3-BABA-40D4-B74F-7E8CB50894CA}.Release|x64.Build.0 = Release|Any CPU
		{0DE14DC3-BABA-40D4-B74F-7E8CB50894CA}.Release|x86.ActiveCfg = Release|Any CPU
		{0DE14DC3-BABA-40D4-B74F-7E8CB50894CA}.Release|x86.Build.0 = Release|Any CPU
		{637F0ED1-9625-42F8-BC49-493384B7C122}.Debug|Any CPU.ActiveCfg = Debug|Any CPU
		{637F0ED1-9625-42F8-BC49-493384B7C122}.Debug|Any CPU.Build.0 = Debug|Any CPU
		{637F0ED1-9625-42F8-BC49-493384B7C122}.Debug|x64.ActiveCfg = Debug|Any CPU
		{637F0ED1-9625-42F8-BC49-493384B7C122}.Debug|x64.Build.0 = Debug|Any CPU
		{637F0ED1-9625-42F8-BC49-493384B7C122}.Debug|x86.ActiveCfg = Debug|Any CPU
		{637F0ED1-9625-42F8-BC49-493384B7C122}.Debug|x86.Build.0 = Debug|Any CPU
		{637F0ED1-9625-42F8-BC49-493384B7C122}.Release|Any CPU.ActiveCfg = Release|Any CPU
		{637F0ED1-9625-42F8-BC49-493384B7C122}.Release|Any CPU.Build.0 = Release|Any CPU
		{637F0ED1-9625-42F8-BC49-493384B7C122}.Release|x64.ActiveCfg = Release|Any CPU
		{637F0ED1-9625-42F8-BC49-493384B7C122}.Release|x64.Build.0 = Release|Any CPU
		{637F0ED1-9625-42F8-BC49-493384B7C122}.Release|x86.ActiveCfg = Release|Any CPU
		{637F0ED1-9625-42F8-BC49-493384B7C122}.Release|x86.Build.0 = Release|Any CPU
	EndGlobalSection
	GlobalSection(SolutionProperties) = preSolution
		HideSolutionNode = FALSE
	EndGlobalSection
	GlobalSection(NestedProjects) = preSolution
		{8D626EA8-CB54-BC41-363A-217881BEBA6E} = {827E0CD3-B72D-47B6-A68D-7590B98EB39B}
		{503D2650-5229-42CD-9E0C-3B9F3B5A5F3C} = {8D626EA8-CB54-BC41-363A-217881BEBA6E}
		{AB9B3E30-E8D4-4D12-B9A8-0E8D3E889A6E} = {8D626EA8-CB54-BC41-363A-217881BEBA6E}
		{9048EB7F-3875-A59E-E36B-5BD4C6F2A282} = {827E0CD3-B72D-47B6-A68D-7590B98EB39B}
		{62F7360B-6303-43AD-8FC9-FE9FD806D5F7} = {9048EB7F-3875-A59E-E36B-5BD4C6F2A282}
		{45EAFF24-E361-45A4-9C24-C02686C5E83F} = {9048EB7F-3875-A59E-E36B-5BD4C6F2A282}
		{6996BBF7-DB31-59BC-C7DD-9A7CCC6138C4} = {827E0CD3-B72D-47B6-A68D-7590B98EB39B}
		{88408967-746B-4E2B-8074-7C9A1A34270B} = {6996BBF7-DB31-59BC-C7DD-9A7CCC6138C4}
		{A7FAFA2F-CC15-42C2-B5D0-025B20964ED7} = {6996BBF7-DB31-59BC-C7DD-9A7CCC6138C4}
		{99E87E67-A304-4502-97A9-974C644AA24E} = {6996BBF7-DB31-59BC-C7DD-9A7CCC6138C4}
		{8ACE4114-8886-9720-B387-343844A27A5F} = {827E0CD3-B72D-47B6-A68D-7590B98EB39B}
		{F3609AF3-5899-4FF6-BE5E-83A9D94FC2C4} = {8ACE4114-8886-9720-B387-343844A27A5F}
		{EB3E4C9C-0FA1-44A8-BC06-6992E067F5E6} = {0AB3BF05-4346-4AA6-1389-037BE0695223}
		{0DE14DC3-BABA-40D4-B74F-7E8CB50894CA} = {0AB3BF05-4346-4AA6-1389-037BE0695223}
		{637F0ED1-9625-42F8-BC49-493384B7C122} = {0AB3BF05-4346-4AA6-1389-037BE0695223}
	EndGlobalSection
EndGlobal
